
Microsoft Visual Studio Solution File, Format Version 12.00
# Visual Studio 15
VisualStudioVersion = 15.0.28307.438
MinimumVisualStudioVersion = 10.0.40219.1
Project("{8BC9CEB8-8B4A-11D0-8D11-00A0C91BC942}") = "HelloWorld", "HelloWorld.vcxproj", "{A7B18BE3-55A6-42F0-9DCC-0E46A1BC832A}"
EndProject
Global
	GlobalSection(SolutionConfigurationPlatforms) = preSolution
		Debug|x64 = Debug|x64
		Debug|x86 = Debug|x86
		Release|x64 = Release|x64
		Release|x86 = Release|x86
	EndGlobalSection
	GlobalSection(ProjectConfigurationPlatforms) = postSolution
		{A7B18BE3-55A6-42F0-9DCC-0E46A1BC832A}.Debug|x64.ActiveCfg = Debug|x64
		{A7B18BE3-55A6-42F0-9DCC-0E46A1BC832A}.Debug|x64.Build.0 = Debug|x64
		{A7B18BE3-55A6-42F0-9DCC-0E46A1BC832A}.Debug|x86.ActiveCfg = Debug|Win32
		{A7B18BE3-55A6-42F0-9DCC-0E46A1BC832A}.Debug|x86.Build.0 = Debug|Win32
		{A7B18BE3-55A6-42F0-9DCC-0E46A1BC832A}.Release|x64.ActiveCfg = Release|x64
		{A7B18BE3-55A6-42F0-9DCC-0E46A1BC832A}.Release|x64.Build.0 = Release|x64
		{A7B18BE3-55A6-42F0-9DCC-0E46A1BC832A}.Release|x86.ActiveCfg = Release|Win32
		{A7B18BE3-55A6-42F0-9DCC-0E46A1BC832A}.Release|x86.Build.0 = Release|Win32
	EndGlobalSection
	GlobalSection(SolutionProperties) = preSolution
		HideSolutionNode = FALSE
	EndGlobalSection
	GlobalSection(ExtensibilityGlobals) = postSolution
		SolutionGuid = {E67F7DC8-5337-4CA7-8322-D9A4A60AB9D7}
	EndGlobalSection
EndGlobal
